// !$*UTF8*$!
{
	archiveVersion = 1;
	classes = {
	};
	objectVersion = 46;
	objects = {

/* Begin PBXBuildFile section */
		0320D110183FFB1792912263 /* Pods_NKRecorder.framework in Frameworks */ = {isa = PBXBuildFile; fileRef = 27A1E1D54250955D26E5E647 /* Pods_NKRecorder.framework */; };
		526B7D46CB523F5CB2F2E40D /* Pods_NKRecorder_VideoMaker.framework in Frameworks */ = {isa = PBXBuildFile; fileRef = 26F648D9339D1ACC56A74EB7 /* Pods_NKRecorder_VideoMaker.framework */; };
		7D54217F1BE1803700F71937 /* Main.storyboard in Resources */ = {isa = PBXBuildFile; fileRef = 7D6A14251B98C15600453DA1 /* Main.storyboard */; };
		7D54218E1BE183D500F71937 /* PushNoAnimationSegue.swift in Sources */ = {isa = PBXBuildFile; fileRef = 7D54218D1BE183D500F71937 /* PushNoAnimationSegue.swift */; };
		7D6A14221B98C15600453DA1 /* AppDelegate.swift in Sources */ = {isa = PBXBuildFile; fileRef = 7D6A14211B98C15600453DA1 /* AppDelegate.swift */; };
		7D6A142C1B98C15600453DA1 /* LaunchScreen.xib in Resources */ = {isa = PBXBuildFile; fileRef = 7D6A142A1B98C15600453DA1 /* LaunchScreen.xib */; };
		7D6A14381B98C15700453DA1 /* VideoMakerTests.swift in Sources */ = {isa = PBXBuildFile; fileRef = 7D6A14371B98C15700453DA1 /* VideoMakerTests.swift */; };
		7DBD511B1BDC51E700E49B56 /* NKRecorderViewController.swift in Sources */ = {isa = PBXBuildFile; fileRef = 7DBD511A1BDC51E700E49B56 /* NKRecorderViewController.swift */; };
		7DBD511D1BDC563300E49B56 /* VideoMakerViewController.swift in Sources */ = {isa = PBXBuildFile; fileRef = 7DBD511C1BDC563200E49B56 /* VideoMakerViewController.swift */; };
		7DBE65571BDC74680031CECA /* Images.xcassets in Resources */ = {isa = PBXBuildFile; fileRef = 7D6A14281B98C15600453DA1 /* Images.xcassets */; };
		7DDFB82B1BDB19EB0010B899 /* BaseViewController.swift in Sources */ = {isa = PBXBuildFile; fileRef = 7D4813261BD4D8450038325E /* BaseViewController.swift */; };
		7DDFB82C1BDB19EB0010B899 /* ChooseMusicTrackTableViewController.swift in Sources */ = {isa = PBXBuildFile; fileRef = 7D0BE7EB1BC8D7A600697341 /* ChooseMusicTrackTableViewController.swift */; };
		7DDFB82D1BDB19EB0010B899 /* ChoosePlaylistCollectionViewController.swift in Sources */ = {isa = PBXBuildFile; fileRef = 7D2324851BC78B18004A1976 /* ChoosePlaylistCollectionViewController.swift */; };
		7DDFB82E1BDB19EB0010B899 /* RecordViewController.swift in Sources */ = {isa = PBXBuildFile; fileRef = 7D6A14231B98C15600453DA1 /* RecordViewController.swift */; };
		7DDFB82F1BDB19EB0010B899 /* SearchMusicTrackTableViewController.swift in Sources */ = {isa = PBXBuildFile; fileRef = 7D5F44FA1BAC8C2B00332DBA /* SearchMusicTrackTableViewController.swift */; };
		7DDFB8301BDB19EB0010B899 /* VideoPlaybackViewContoller.swift in Sources */ = {isa = PBXBuildFile; fileRef = 7D8999D31B9E2FCE00F9136A /* VideoPlaybackViewContoller.swift */; };
		7DDFB8311BDB19EB0010B899 /* SongSearchController.swift in Sources */ = {isa = PBXBuildFile; fileRef = 7D777A361BD987C4002C0134 /* SongSearchController.swift */; };
		7DDFB8321BDB19FC0010B899 /* GeometryExtensions.swift in Sources */ = {isa = PBXBuildFile; fileRef = 7D0E598F1BD017B600F7A2B4 /* GeometryExtensions.swift */; };
		7DDFB8331BDB1A030010B899 /* UIAppearance+Swift.h in Headers */ = {isa = PBXBuildFile; fileRef = 7D777A311BD97638002C0134 /* UIAppearance+Swift.h */; settings = {ATTRIBUTES = (Public, ); }; };
		7DDFB8341BDB1A060010B899 /* UIAppearance+Swift.m in Sources */ = {isa = PBXBuildFile; fileRef = 7D777A321BD97638002C0134 /* UIAppearance+Swift.m */; };
		7DDFB8351BDB1A090010B899 /* AnimationKit.swift in Sources */ = {isa = PBXBuildFile; fileRef = 7D01C7DB1BD4B2D80093E181 /* AnimationKit.swift */; };
		7DDFB8361BDB1A090010B899 /* AppearanceKit.swift in Sources */ = {isa = PBXBuildFile; fileRef = 7D777A341BD97729002C0134 /* AppearanceKit.swift */; };
		7DDFB8371BDB1A090010B899 /* FontKit.swift in Sources */ = {isa = PBXBuildFile; fileRef = 7D01C7E71BD4C8760093E181 /* FontKit.swift */; };
		7DDFB8381BDB1A090010B899 /* StyleKit.swift in Sources */ = {isa = PBXBuildFile; fileRef = 7DE932641BD05FEE00040833 /* StyleKit.swift */; };
		7DDFB8391BDB1A0D0010B899 /* AudioTypeButton.swift in Sources */ = {isa = PBXBuildFile; fileRef = 7D01C7DD1BD4BD220093E181 /* AudioTypeButton.swift */; };
		7DDFB83A1BDB1A0D0010B899 /* BaseViews.swift in Sources */ = {isa = PBXBuildFile; fileRef = 7D0E598A1BCFE93C00F7A2B4 /* BaseViews.swift */; };
		7DDFB83B1BDB1A0D0010B899 /* DraggableSlider.swift in Sources */ = {isa = PBXBuildFile; fileRef = 7DC092F01BBD0E2700CC5619 /* DraggableSlider.swift */; };
		7DDFB83C1BDB1A0D0010B899 /* OverlayCaptionView.swift in Sources */ = {isa = PBXBuildFile; fileRef = 7D282E0C1BA3769D00A04E14 /* OverlayCaptionView.swift */; };
		7DDFB83D1BDB1A0D0010B899 /* RecordButton.swift in Sources */ = {isa = PBXBuildFile; fileRef = 7D0E59881BCFE8F400F7A2B4 /* RecordButton.swift */; };
		7DDFB83E1BDB1A0D0010B899 /* TimescaleSegmentedControl.swift in Sources */ = {isa = PBXBuildFile; fileRef = 7D2075FF1BD069FD005C010D /* TimescaleSegmentedControl.swift */; };
		7DDFB83F1BDB1A0D0010B899 /* TrackNameLabel.swift in Sources */ = {isa = PBXBuildFile; fileRef = 7D4C8B011BD574DA00ADA6D3 /* TrackNameLabel.swift */; };
		7DDFB8401BDB1A0D0010B899 /* UIElementsContainer.swift in Sources */ = {isa = PBXBuildFile; fileRef = 7D7DA7591BD9AE4400A33BF3 /* UIElementsContainer.swift */; };
		7DDFB8411BDB1A110010B899 /* ResourceExtensions.swift in Sources */ = {isa = PBXBuildFile; fileRef = 7D01C7E51BD4C5B00093E181 /* ResourceExtensions.swift */; };
		7DDFB8471BDB1A340010B899 /* LocalMusicManager.swift in Sources */ = {isa = PBXBuildFile; fileRef = 7DDDD8ED1BD967170077FF51 /* LocalMusicManager.swift */; };
		7DDFB8481BDB1A340010B899 /* MusicRetrievalAPI.swift in Sources */ = {isa = PBXBuildFile; fileRef = 7D2837251BB113DC00BE8DB9 /* MusicRetrievalAPI.swift */; };
		7DDFB8491BDB1A340010B899 /* PlaylistAPI.swift in Sources */ = {isa = PBXBuildFile; fileRef = 7D2324831BC77A34004A1976 /* PlaylistAPI.swift */; };
		7DDFB84A1BDB1A340010B899 /* RecordButtonTouchGestureRecognizer.swift in Sources */ = {isa = PBXBuildFile; fileRef = EAC5D10D1BDA1456008E80F3 /* RecordButtonTouchGestureRecognizer.swift */; };
		7DDFB8511BDB1A440010B899 /* R.swift in Sources */ = {isa = PBXBuildFile; fileRef = 7D01C7E01BD4C13C0093E181 /* R.swift */; };
		7DDFB8521BDB1A440010B899 /* SBConstants.swift in Sources */ = {isa = PBXBuildFile; fileRef = 7D01C7E21BD4C5140093E181 /* SBConstants.swift */; };
		7DECA10E1BE1851C009B9136 /* Cabin-Bold.ttf in Resources */ = {isa = PBXBuildFile; fileRef = 7D54216A1BE17B8300F71937 /* Cabin-Bold.ttf */; };
		7DECA10F1BE1851C009B9136 /* Cabin-BoldItalic.ttf in Resources */ = {isa = PBXBuildFile; fileRef = 7D54216B1BE17B8300F71937 /* Cabin-BoldItalic.ttf */; };
		7DECA1101BE1851C009B9136 /* Cabin-Italic.ttf in Resources */ = {isa = PBXBuildFile; fileRef = 7D54216C1BE17B8300F71937 /* Cabin-Italic.ttf */; };
		7DECA1111BE1851C009B9136 /* Cabin-Medium.ttf in Resources */ = {isa = PBXBuildFile; fileRef = 7D54216D1BE17B8300F71937 /* Cabin-Medium.ttf */; };
		7DECA1121BE1851C009B9136 /* Cabin-MediumItalic.ttf in Resources */ = {isa = PBXBuildFile; fileRef = 7D54216E1BE17B8300F71937 /* Cabin-MediumItalic.ttf */; };
		7DECA1131BE1851C009B9136 /* Cabin-Regular.ttf in Resources */ = {isa = PBXBuildFile; fileRef = 7D54216F1BE17B8300F71937 /* Cabin-Regular.ttf */; };
		8BC947F93C4B6AD65AF03063 /* Pods.framework in Frameworks */ = {isa = PBXBuildFile; fileRef = FBB2B16BB987F261E35EE3DE /* Pods.framework */; settings = {ATTRIBUTES = (Weak, ); }; };
		EAC5D0EA1BDA11A7008E80F3 /* NKRecorder.h in Headers */ = {isa = PBXBuildFile; fileRef = EAC5D0E91BDA11A7008E80F3 /* NKRecorder.h */; settings = {ATTRIBUTES = (Public, ); }; };
		EAC5D0F11BDA11A7008E80F3 /* NKRecorder.framework in Frameworks */ = {isa = PBXBuildFile; fileRef = EAC5D0E71BDA11A7008E80F3 /* NKRecorder.framework */; };
		EAC5D0F81BDA11A7008E80F3 /* NKRecorderTests.swift in Sources */ = {isa = PBXBuildFile; fileRef = EAC5D0F71BDA11A7008E80F3 /* NKRecorderTests.swift */; };
/* End PBXBuildFile section */

/* Begin PBXContainerItemProxy section */
		7D6A14321B98C15700453DA1 /* PBXContainerItemProxy */ = {
			isa = PBXContainerItemProxy;
			containerPortal = 7D6A14141B98C15600453DA1 /* Project object */;
			proxyType = 1;
			remoteGlobalIDString = 7D6A141B1B98C15600453DA1;
			remoteInfo = VideoMaker;
		};
		EAC5D0F21BDA11A7008E80F3 /* PBXContainerItemProxy */ = {
			isa = PBXContainerItemProxy;
			containerPortal = 7D6A14141B98C15600453DA1 /* Project object */;
			proxyType = 1;
			remoteGlobalIDString = EAC5D0E61BDA11A7008E80F3;
			remoteInfo = NKRecorder;
		};
		EAC5D0F41BDA11A7008E80F3 /* PBXContainerItemProxy */ = {
			isa = PBXContainerItemProxy;
			containerPortal = 7D6A14141B98C15600453DA1 /* Project object */;
			proxyType = 1;
			remoteGlobalIDString = 7D6A141B1B98C15600453DA1;
			remoteInfo = VideoMaker;
		};
/* End PBXContainerItemProxy section */

/* Begin PBXFileReference section */
		26F648D9339D1ACC56A74EB7 /* Pods_NKRecorder_VideoMaker.framework */ = {isa = PBXFileReference; explicitFileType = wrapper.framework; includeInIndex = 0; path = Pods_NKRecorder_VideoMaker.framework; sourceTree = BUILT_PRODUCTS_DIR; };
		27A1E1D54250955D26E5E647 /* Pods_NKRecorder.framework */ = {isa = PBXFileReference; explicitFileType = wrapper.framework; includeInIndex = 0; path = Pods_NKRecorder.framework; sourceTree = BUILT_PRODUCTS_DIR; };
		52CA73037B12828F23027A5C /* Pods-NKRecorder.release.xcconfig */ = {isa = PBXFileReference; includeInIndex = 1; lastKnownFileType = text.xcconfig; name = "Pods-NKRecorder.release.xcconfig"; path = "Pods/Target Support Files/Pods-NKRecorder/Pods-NKRecorder.release.xcconfig"; sourceTree = "<group>"; };
		7D01C7DB1BD4B2D80093E181 /* AnimationKit.swift */ = {isa = PBXFileReference; fileEncoding = 4; lastKnownFileType = sourcecode.swift; path = AnimationKit.swift; sourceTree = "<group>"; };
		7D01C7DD1BD4BD220093E181 /* AudioTypeButton.swift */ = {isa = PBXFileReference; fileEncoding = 4; lastKnownFileType = sourcecode.swift; path = AudioTypeButton.swift; sourceTree = "<group>"; };
		7D01C7E01BD4C13C0093E181 /* R.swift */ = {isa = PBXFileReference; fileEncoding = 4; lastKnownFileType = sourcecode.swift; path = R.swift; sourceTree = "<group>"; };
		7D01C7E21BD4C5140093E181 /* SBConstants.swift */ = {isa = PBXFileReference; fileEncoding = 4; lastKnownFileType = sourcecode.swift; path = SBConstants.swift; sourceTree = "<group>"; };
		7D01C7E51BD4C5B00093E181 /* ResourceExtensions.swift */ = {isa = PBXFileReference; fileEncoding = 4; lastKnownFileType = sourcecode.swift; path = ResourceExtensions.swift; sourceTree = "<group>"; };
		7D01C7E71BD4C8760093E181 /* FontKit.swift */ = {isa = PBXFileReference; fileEncoding = 4; lastKnownFileType = sourcecode.swift; path = FontKit.swift; sourceTree = "<group>"; };
		7D0BE7EB1BC8D7A600697341 /* ChooseMusicTrackTableViewController.swift */ = {isa = PBXFileReference; fileEncoding = 4; lastKnownFileType = sourcecode.swift; path = ChooseMusicTrackTableViewController.swift; sourceTree = "<group>"; };
		7D0E59881BCFE8F400F7A2B4 /* RecordButton.swift */ = {isa = PBXFileReference; fileEncoding = 4; lastKnownFileType = sourcecode.swift; path = RecordButton.swift; sourceTree = "<group>"; };
		7D0E598A1BCFE93C00F7A2B4 /* BaseViews.swift */ = {isa = PBXFileReference; fileEncoding = 4; lastKnownFileType = sourcecode.swift; path = BaseViews.swift; sourceTree = "<group>"; };
		7D0E598F1BD017B600F7A2B4 /* GeometryExtensions.swift */ = {isa = PBXFileReference; fileEncoding = 4; lastKnownFileType = sourcecode.swift; path = GeometryExtensions.swift; sourceTree = "<group>"; };
		7D2075FF1BD069FD005C010D /* TimescaleSegmentedControl.swift */ = {isa = PBXFileReference; fileEncoding = 4; lastKnownFileType = sourcecode.swift; path = TimescaleSegmentedControl.swift; sourceTree = "<group>"; };
		7D2324831BC77A34004A1976 /* PlaylistAPI.swift */ = {isa = PBXFileReference; fileEncoding = 4; lastKnownFileType = sourcecode.swift; path = PlaylistAPI.swift; sourceTree = "<group>"; };
		7D2324851BC78B18004A1976 /* ChoosePlaylistCollectionViewController.swift */ = {isa = PBXFileReference; fileEncoding = 4; lastKnownFileType = sourcecode.swift; path = ChoosePlaylistCollectionViewController.swift; sourceTree = "<group>"; };
		7D282E0C1BA3769D00A04E14 /* OverlayCaptionView.swift */ = {isa = PBXFileReference; fileEncoding = 4; lastKnownFileType = sourcecode.swift; path = OverlayCaptionView.swift; sourceTree = "<group>"; };
		7D2837251BB113DC00BE8DB9 /* MusicRetrievalAPI.swift */ = {isa = PBXFileReference; fileEncoding = 4; lastKnownFileType = sourcecode.swift; path = MusicRetrievalAPI.swift; sourceTree = "<group>"; };
		7D4813261BD4D8450038325E /* BaseViewController.swift */ = {isa = PBXFileReference; fileEncoding = 4; lastKnownFileType = sourcecode.swift; path = BaseViewController.swift; sourceTree = "<group>"; };
		7D4C8B011BD574DA00ADA6D3 /* TrackNameLabel.swift */ = {isa = PBXFileReference; fileEncoding = 4; lastKnownFileType = sourcecode.swift; path = TrackNameLabel.swift; sourceTree = "<group>"; };
		7D54216A1BE17B8300F71937 /* Cabin-Bold.ttf */ = {isa = PBXFileReference; lastKnownFileType = file; path = "Cabin-Bold.ttf"; sourceTree = "<group>"; };
		7D54216B1BE17B8300F71937 /* Cabin-BoldItalic.ttf */ = {isa = PBXFileReference; lastKnownFileType = file; path = "Cabin-BoldItalic.ttf"; sourceTree = "<group>"; };
		7D54216C1BE17B8300F71937 /* Cabin-Italic.ttf */ = {isa = PBXFileReference; lastKnownFileType = file; path = "Cabin-Italic.ttf"; sourceTree = "<group>"; };
		7D54216D1BE17B8300F71937 /* Cabin-Medium.ttf */ = {isa = PBXFileReference; lastKnownFileType = file; path = "Cabin-Medium.ttf"; sourceTree = "<group>"; };
		7D54216E1BE17B8300F71937 /* Cabin-MediumItalic.ttf */ = {isa = PBXFileReference; lastKnownFileType = file; path = "Cabin-MediumItalic.ttf"; sourceTree = "<group>"; };
		7D54216F1BE17B8300F71937 /* Cabin-Regular.ttf */ = {isa = PBXFileReference; lastKnownFileType = file; path = "Cabin-Regular.ttf"; sourceTree = "<group>"; };
		7D54218D1BE183D500F71937 /* PushNoAnimationSegue.swift */ = {isa = PBXFileReference; fileEncoding = 4; lastKnownFileType = sourcecode.swift; path = PushNoAnimationSegue.swift; sourceTree = "<group>"; };
		7D5F44FA1BAC8C2B00332DBA /* SearchMusicTrackTableViewController.swift */ = {isa = PBXFileReference; fileEncoding = 4; lastKnownFileType = sourcecode.swift; path = SearchMusicTrackTableViewController.swift; sourceTree = "<group>"; };
		7D6A141C1B98C15600453DA1 /* VideoMaker.app */ = {isa = PBXFileReference; explicitFileType = wrapper.application; includeInIndex = 0; path = VideoMaker.app; sourceTree = BUILT_PRODUCTS_DIR; };
		7D6A14201B98C15600453DA1 /* Info.plist */ = {isa = PBXFileReference; lastKnownFileType = text.plist.xml; path = Info.plist; sourceTree = "<group>"; };
		7D6A14211B98C15600453DA1 /* AppDelegate.swift */ = {isa = PBXFileReference; lastKnownFileType = sourcecode.swift; path = AppDelegate.swift; sourceTree = "<group>"; };
		7D6A14231B98C15600453DA1 /* RecordViewController.swift */ = {isa = PBXFileReference; lastKnownFileType = sourcecode.swift; path = RecordViewController.swift; sourceTree = "<group>"; };
		7D6A14261B98C15600453DA1 /* Base */ = {isa = PBXFileReference; lastKnownFileType = file.storyboard; name = Base; path = Base.lproj/Main.storyboard; sourceTree = "<group>"; };
		7D6A14281B98C15600453DA1 /* Images.xcassets */ = {isa = PBXFileReference; lastKnownFileType = folder.assetcatalog; path = Images.xcassets; sourceTree = "<group>"; };
		7D6A142B1B98C15600453DA1 /* Base */ = {isa = PBXFileReference; lastKnownFileType = file.xib; name = Base; path = Base.lproj/LaunchScreen.xib; sourceTree = "<group>"; };
		7D6A14311B98C15700453DA1 /* VideoMakerTests.xctest */ = {isa = PBXFileReference; explicitFileType = wrapper.cfbundle; includeInIndex = 0; path = VideoMakerTests.xctest; sourceTree = BUILT_PRODUCTS_DIR; };
		7D6A14361B98C15700453DA1 /* Info.plist */ = {isa = PBXFileReference; lastKnownFileType = text.plist.xml; path = Info.plist; sourceTree = "<group>"; };
		7D6A14371B98C15700453DA1 /* VideoMakerTests.swift */ = {isa = PBXFileReference; lastKnownFileType = sourcecode.swift; path = VideoMakerTests.swift; sourceTree = "<group>"; };
		7D777A311BD97638002C0134 /* UIAppearance+Swift.h */ = {isa = PBXFileReference; fileEncoding = 4; lastKnownFileType = sourcecode.c.h; path = "UIAppearance+Swift.h"; sourceTree = "<group>"; };
		7D777A321BD97638002C0134 /* UIAppearance+Swift.m */ = {isa = PBXFileReference; fileEncoding = 4; lastKnownFileType = sourcecode.c.objc; path = "UIAppearance+Swift.m"; sourceTree = "<group>"; };
		7D777A341BD97729002C0134 /* AppearanceKit.swift */ = {isa = PBXFileReference; fileEncoding = 4; lastKnownFileType = sourcecode.swift; path = AppearanceKit.swift; sourceTree = "<group>"; };
		7D777A361BD987C4002C0134 /* SongSearchController.swift */ = {isa = PBXFileReference; fileEncoding = 4; lastKnownFileType = sourcecode.swift; path = SongSearchController.swift; sourceTree = "<group>"; };
		7D7DA7591BD9AE4400A33BF3 /* UIElementsContainer.swift */ = {isa = PBXFileReference; fileEncoding = 4; lastKnownFileType = sourcecode.swift; path = UIElementsContainer.swift; sourceTree = "<group>"; };
		7D8999D31B9E2FCE00F9136A /* VideoPlaybackViewContoller.swift */ = {isa = PBXFileReference; fileEncoding = 4; lastKnownFileType = sourcecode.swift; path = VideoPlaybackViewContoller.swift; sourceTree = "<group>"; };
		7DA77D911BAB4C5400AB16A6 /* MediaPlayer.framework */ = {isa = PBXFileReference; lastKnownFileType = wrapper.framework; name = MediaPlayer.framework; path = System/Library/Frameworks/MediaPlayer.framework; sourceTree = SDKROOT; };
		7DBD511A1BDC51E700E49B56 /* NKRecorderViewController.swift */ = {isa = PBXFileReference; fileEncoding = 4; lastKnownFileType = sourcecode.swift; path = NKRecorderViewController.swift; sourceTree = "<group>"; };
		7DBD511C1BDC563200E49B56 /* VideoMakerViewController.swift */ = {isa = PBXFileReference; fileEncoding = 4; lastKnownFileType = sourcecode.swift; path = VideoMakerViewController.swift; sourceTree = "<group>"; };
		7DC092F01BBD0E2700CC5619 /* DraggableSlider.swift */ = {isa = PBXFileReference; fileEncoding = 4; lastKnownFileType = sourcecode.swift; path = DraggableSlider.swift; sourceTree = "<group>"; };
		7DDDD8ED1BD967170077FF51 /* LocalMusicManager.swift */ = {isa = PBXFileReference; fileEncoding = 4; lastKnownFileType = sourcecode.swift; path = LocalMusicManager.swift; sourceTree = "<group>"; };
		7DE932641BD05FEE00040833 /* StyleKit.swift */ = {isa = PBXFileReference; fileEncoding = 4; lastKnownFileType = sourcecode.swift; path = StyleKit.swift; sourceTree = "<group>"; };
		D3485EC66FA0DD62CA546B6B /* Pods-NKRecorder.debug.xcconfig */ = {isa = PBXFileReference; includeInIndex = 1; lastKnownFileType = text.xcconfig; name = "Pods-NKRecorder.debug.xcconfig"; path = "Pods/Target Support Files/Pods-NKRecorder/Pods-NKRecorder.debug.xcconfig"; sourceTree = "<group>"; };
		EAC5D0E71BDA11A7008E80F3 /* NKRecorder.framework */ = {isa = PBXFileReference; explicitFileType = wrapper.framework; includeInIndex = 0; path = NKRecorder.framework; sourceTree = BUILT_PRODUCTS_DIR; };
		EAC5D0E91BDA11A7008E80F3 /* NKRecorder.h */ = {isa = PBXFileReference; lastKnownFileType = sourcecode.c.h; path = NKRecorder.h; sourceTree = "<group>"; };
		EAC5D0EB1BDA11A7008E80F3 /* Info.plist */ = {isa = PBXFileReference; lastKnownFileType = text.plist.xml; path = Info.plist; sourceTree = "<group>"; };
		EAC5D0F01BDA11A7008E80F3 /* NKRecorderTests.xctest */ = {isa = PBXFileReference; explicitFileType = wrapper.cfbundle; includeInIndex = 0; path = NKRecorderTests.xctest; sourceTree = BUILT_PRODUCTS_DIR; };
		EAC5D0F71BDA11A7008E80F3 /* NKRecorderTests.swift */ = {isa = PBXFileReference; lastKnownFileType = sourcecode.swift; path = NKRecorderTests.swift; sourceTree = "<group>"; };
		EAC5D0F91BDA11A7008E80F3 /* Info.plist */ = {isa = PBXFileReference; lastKnownFileType = text.plist.xml; path = Info.plist; sourceTree = "<group>"; };
		EAC5D1091BDA1395008E80F3 /* Pods-NKRecorder-VideoMaker.debug.xcconfig */ = {isa = PBXFileReference; lastKnownFileType = text.xcconfig; name = "Pods-NKRecorder-VideoMaker.debug.xcconfig"; path = "Pods/Target Support Files/Pods-NKRecorder-VideoMaker/Pods-NKRecorder-VideoMaker.debug.xcconfig"; sourceTree = "<group>"; };
		EAC5D10A1BDA1395008E80F3 /* Pods-NKRecorder-VideoMaker.release.xcconfig */ = {isa = PBXFileReference; lastKnownFileType = text.xcconfig; name = "Pods-NKRecorder-VideoMaker.release.xcconfig"; path = "Pods/Target Support Files/Pods-NKRecorder-VideoMaker/Pods-NKRecorder-VideoMaker.release.xcconfig"; sourceTree = "<group>"; };
		EAC5D10D1BDA1456008E80F3 /* RecordButtonTouchGestureRecognizer.swift */ = {isa = PBXFileReference; fileEncoding = 4; lastKnownFileType = sourcecode.swift; path = RecordButtonTouchGestureRecognizer.swift; sourceTree = "<group>"; };
		FBB2B16BB987F261E35EE3DE /* Pods.framework */ = {isa = PBXFileReference; explicitFileType = wrapper.framework; includeInIndex = 0; path = Pods.framework; sourceTree = BUILT_PRODUCTS_DIR; };
/* End PBXFileReference section */

/* Begin PBXFrameworksBuildPhase section */
		7D6A14191B98C15600453DA1 /* Frameworks */ = {
			isa = PBXFrameworksBuildPhase;
			buildActionMask = 2147483647;
			files = (
				8BC947F93C4B6AD65AF03063 /* Pods.framework in Frameworks */,
				526B7D46CB523F5CB2F2E40D /* Pods_NKRecorder_VideoMaker.framework in Frameworks */,
			);
			runOnlyForDeploymentPostprocessing = 0;
		};
		7D6A142E1B98C15700453DA1 /* Frameworks */ = {
			isa = PBXFrameworksBuildPhase;
			buildActionMask = 2147483647;
			files = (
			);
			runOnlyForDeploymentPostprocessing = 0;
		};
		EAC5D0E31BDA11A7008E80F3 /* Frameworks */ = {
			isa = PBXFrameworksBuildPhase;
			buildActionMask = 2147483647;
			files = (
				0320D110183FFB1792912263 /* Pods_NKRecorder.framework in Frameworks */,
			);
			runOnlyForDeploymentPostprocessing = 0;
		};
		EAC5D0ED1BDA11A7008E80F3 /* Frameworks */ = {
			isa = PBXFrameworksBuildPhase;
			buildActionMask = 2147483647;
			files = (
				EAC5D0F11BDA11A7008E80F3 /* NKRecorder.framework in Frameworks */,
			);
			runOnlyForDeploymentPostprocessing = 0;
		};
/* End PBXFrameworksBuildPhase section */

/* Begin PBXGroup section */
		7D01C7DF1BD4C1330093E181 /* Generated */ = {
			isa = PBXGroup;
			children = (
				7D01C7E01BD4C13C0093E181 /* R.swift */,
				7D01C7E21BD4C5140093E181 /* SBConstants.swift */,
			);
			path = Generated;
			sourceTree = "<group>";
		};
		7D01C7E41BD4C5970093E181 /* Extensions */ = {
			isa = PBXGroup;
			children = (
				7D01C7E51BD4C5B00093E181 /* ResourceExtensions.swift */,
			);
			path = Extensions;
			sourceTree = "<group>";
		};
		7D0E598C1BCFEB2300F7A2B4 /* Kits */ = {
			isa = PBXGroup;
			children = (
				7D01C7DB1BD4B2D80093E181 /* AnimationKit.swift */,
				7D777A341BD97729002C0134 /* AppearanceKit.swift */,
				7D01C7E71BD4C8760093E181 /* FontKit.swift */,
				7DE932641BD05FEE00040833 /* StyleKit.swift */,
			);
			path = Kits;
			sourceTree = "<group>";
		};
		7D54218C1BE1812E00F71937 /* Fonts */ = {
			isa = PBXGroup;
			children = (
				7D54216A1BE17B8300F71937 /* Cabin-Bold.ttf */,
				7D54216B1BE17B8300F71937 /* Cabin-BoldItalic.ttf */,
				7D54216C1BE17B8300F71937 /* Cabin-Italic.ttf */,
				7D54216D1BE17B8300F71937 /* Cabin-Medium.ttf */,
				7D54216E1BE17B8300F71937 /* Cabin-MediumItalic.ttf */,
				7D54216F1BE17B8300F71937 /* Cabin-Regular.ttf */,
			);
			path = Fonts;
			sourceTree = "<group>";
		};
		7D6A14131B98C15600453DA1 = {
			isa = PBXGroup;
			children = (
				C11CB4E72E49C4593853348C /* Frameworks */,
				EAC5D0E81BDA11A7008E80F3 /* NKRecorder */,
				EAC5D0F61BDA11A7008E80F3 /* NKRecorderTests */,
				EB62E34DA68EE12F47F59D81 /* Pods */,
				7D6A141D1B98C15600453DA1 /* Products */,
				7D6A141E1B98C15600453DA1 /* VideoMaker */,
				7D6A14341B98C15700453DA1 /* VideoMakerTests */,
			);
			sourceTree = "<group>";
		};
		7D6A141D1B98C15600453DA1 /* Products */ = {
			isa = PBXGroup;
			children = (
				7D6A141C1B98C15600453DA1 /* VideoMaker.app */,
				7D6A14311B98C15700453DA1 /* VideoMakerTests.xctest */,
				EAC5D0E71BDA11A7008E80F3 /* NKRecorder.framework */,
				EAC5D0F01BDA11A7008E80F3 /* NKRecorderTests.xctest */,
			);
			name = Products;
			sourceTree = "<group>";
		};
		7D6A141E1B98C15600453DA1 /* VideoMaker */ = {
			isa = PBXGroup;
			children = (
				7D6A14211B98C15600453DA1 /* AppDelegate.swift */,
				7D6A14201B98C15600453DA1 /* Info.plist */,
				7D6A142A1B98C15600453DA1 /* LaunchScreen.xib */,
				7DBD511C1BDC563200E49B56 /* VideoMakerViewController.swift */,
			);
			path = VideoMaker;
			sourceTree = "<group>";
		};
		7D6A141F1B98C15600453DA1 /* Supporting Files */ = {
			isa = PBXGroup;
			children = (
				7D54218C1BE1812E00F71937 /* Fonts */,
				7D01C7DF1BD4C1330093E181 /* Generated */,
				A32EB0CFD33E2BCF63D7F325 /* Resources */,
				EAC5D0EB1BDA11A7008E80F3 /* Info.plist */,
				EAC5D0E91BDA11A7008E80F3 /* NKRecorder.h */,
			);
			path = "Supporting Files";
			sourceTree = "<group>";
		};
		7D6A14341B98C15700453DA1 /* VideoMakerTests */ = {
			isa = PBXGroup;
			children = (
				7D6A14351B98C15700453DA1 /* Supporting Files */,
				7D6A14371B98C15700453DA1 /* VideoMakerTests.swift */,
			);
			path = VideoMakerTests;
			sourceTree = "<group>";
		};
		7D6A14351B98C15700453DA1 /* Supporting Files */ = {
			isa = PBXGroup;
			children = (
				7D6A14361B98C15700453DA1 /* Info.plist */,
			);
			path = "Supporting Files";
			sourceTree = "<group>";
		};
		7D777A301BD97613002C0134 /* Extensions */ = {
			isa = PBXGroup;
			children = (
				7D0E598F1BD017B600F7A2B4 /* GeometryExtensions.swift */,
				7D777A311BD97638002C0134 /* UIAppearance+Swift.h */,
				7D777A321BD97638002C0134 /* UIAppearance+Swift.m */,
			);
			path = Extensions;
			sourceTree = "<group>";
		};
		7DBD51191BDC51D500E49B56 /* Public */ = {
			isa = PBXGroup;
			children = (
				7DBD511A1BDC51E700E49B56 /* NKRecorderViewController.swift */,
			);
			path = Public;
			sourceTree = "<group>";
		};
		7DC092F21BBD0EAF00CC5619 /* View Controllers */ = {
			isa = PBXGroup;
			children = (
				7D4813261BD4D8450038325E /* BaseViewController.swift */,
				7D0BE7EB1BC8D7A600697341 /* ChooseMusicTrackTableViewController.swift */,
				7D2324851BC78B18004A1976 /* ChoosePlaylistCollectionViewController.swift */,
				7D6A14231B98C15600453DA1 /* RecordViewController.swift */,
				7D5F44FA1BAC8C2B00332DBA /* SearchMusicTrackTableViewController.swift */,
				7D777A361BD987C4002C0134 /* SongSearchController.swift */,
				7D8999D31B9E2FCE00F9136A /* VideoPlaybackViewContoller.swift */,
			);
			path = "View Controllers";
			sourceTree = "<group>";
		};
		7DC092F31BBD0EBD00CC5619 /* User Interface */ = {
			isa = PBXGroup;
			children = (
				7D777A301BD97613002C0134 /* Extensions */,
				7D0E598C1BCFEB2300F7A2B4 /* Kits */,
				7D01C7DD1BD4BD220093E181 /* AudioTypeButton.swift */,
				7D0E598A1BCFE93C00F7A2B4 /* BaseViews.swift */,
				7DC092F01BBD0E2700CC5619 /* DraggableSlider.swift */,
				7D282E0C1BA3769D00A04E14 /* OverlayCaptionView.swift */,
				7D54218D1BE183D500F71937 /* PushNoAnimationSegue.swift */,
				7D0E59881BCFE8F400F7A2B4 /* RecordButton.swift */,
				7D2075FF1BD069FD005C010D /* TimescaleSegmentedControl.swift */,
				7D4C8B011BD574DA00ADA6D3 /* TrackNameLabel.swift */,
				7D7DA7591BD9AE4400A33BF3 /* UIElementsContainer.swift */,
			);
			path = "User Interface";
			sourceTree = "<group>";
		};
		7DC092F41BBD0EDF00CC5619 /* Storyboards */ = {
			isa = PBXGroup;
			children = (
				7D6A14251B98C15600453DA1 /* Main.storyboard */,
			);
			path = Storyboards;
			sourceTree = "<group>";
		};
		7DC092F51BBD0EF700CC5619 /* Utils */ = {
			isa = PBXGroup;
			children = (
				7DDDD8ED1BD967170077FF51 /* LocalMusicManager.swift */,
				7D2837251BB113DC00BE8DB9 /* MusicRetrievalAPI.swift */,
				7D2324831BC77A34004A1976 /* PlaylistAPI.swift */,
				EAC5D10D1BDA1456008E80F3 /* RecordButtonTouchGestureRecognizer.swift */,
			);
			path = Utils;
			sourceTree = "<group>";
		};
		A32EB0CFD33E2BCF63D7F325 /* Resources */ = {
			isa = PBXGroup;
			children = (
				7D6A14281B98C15600453DA1 /* Images.xcassets */,
			);
			path = Resources;
			sourceTree = "<group>";
		};
		C11CB4E72E49C4593853348C /* Frameworks */ = {
			isa = PBXGroup;
			children = (
				7DA77D911BAB4C5400AB16A6 /* MediaPlayer.framework */,
				FBB2B16BB987F261E35EE3DE /* Pods.framework */,
				27A1E1D54250955D26E5E647 /* Pods_NKRecorder.framework */,
				26F648D9339D1ACC56A74EB7 /* Pods_NKRecorder_VideoMaker.framework */,
			);
			name = Frameworks;
			sourceTree = "<group>";
		};
		EAC5D0E81BDA11A7008E80F3 /* NKRecorder */ = {
			isa = PBXGroup;
			children = (
				7D01C7E41BD4C5970093E181 /* Extensions */,
				7DBD51191BDC51D500E49B56 /* Public */,
				7DC092F41BBD0EDF00CC5619 /* Storyboards */,
				7D6A141F1B98C15600453DA1 /* Supporting Files */,
				7DC092F31BBD0EBD00CC5619 /* User Interface */,
				7DC092F51BBD0EF700CC5619 /* Utils */,
				7DC092F21BBD0EAF00CC5619 /* View Controllers */,
			);
			path = NKRecorder;
			sourceTree = "<group>";
		};
		EAC5D0F61BDA11A7008E80F3 /* NKRecorderTests */ = {
			isa = PBXGroup;
			children = (
				EAC5D0F91BDA11A7008E80F3 /* Info.plist */,
				EAC5D0F71BDA11A7008E80F3 /* NKRecorderTests.swift */,
			);
			path = NKRecorderTests;
			sourceTree = "<group>";
		};
		EB62E34DA68EE12F47F59D81 /* Pods */ = {
			isa = PBXGroup;
			children = (
				EAC5D1091BDA1395008E80F3 /* Pods-NKRecorder-VideoMaker.debug.xcconfig */,
				EAC5D10A1BDA1395008E80F3 /* Pods-NKRecorder-VideoMaker.release.xcconfig */,
				D3485EC66FA0DD62CA546B6B /* Pods-NKRecorder.debug.xcconfig */,
				52CA73037B12828F23027A5C /* Pods-NKRecorder.release.xcconfig */,
			);
			name = Pods;
			sourceTree = "<group>";
		};
/* End PBXGroup section */

/* Begin PBXHeadersBuildPhase section */
		EAC5D0E41BDA11A7008E80F3 /* Headers */ = {
			isa = PBXHeadersBuildPhase;
			buildActionMask = 2147483647;
			files = (
				7DDFB8331BDB1A030010B899 /* UIAppearance+Swift.h in Headers */,
				EAC5D0EA1BDA11A7008E80F3 /* NKRecorder.h in Headers */,
			);
			runOnlyForDeploymentPostprocessing = 0;
		};
/* End PBXHeadersBuildPhase section */

/* Begin PBXNativeTarget section */
		7D6A141B1B98C15600453DA1 /* VideoMaker */ = {
			isa = PBXNativeTarget;
			buildConfigurationList = 7D6A143B1B98C15700453DA1 /* Build configuration list for PBXNativeTarget "VideoMaker" */;
			buildPhases = (
				BBAA3CF055F5F169CC72EA00 /* Check Pods Manifest.lock */,
				F55C2C57EC3D059D42DEFD7C /* Build Resource-Index */,
				7D6A14181B98C15600453DA1 /* Sources */,
				7D6A14191B98C15600453DA1 /* Frameworks */,
				7D6A141A1B98C15600453DA1 /* Resources */,
				DA5A055CF5CC6FBD2B51896A /* Copy Pods Resources */,
				BF7E4DF84E3898AC7ADBAC9D /* Embed Pods Frameworks */,
			);
			buildRules = (
			);
			dependencies = (
			);
			name = VideoMaker;
			productName = VideoMaker;
			productReference = 7D6A141C1B98C15600453DA1 /* VideoMaker.app */;
			productType = "com.apple.product-type.application";
		};
		7D6A14301B98C15700453DA1 /* VideoMakerTests */ = {
			isa = PBXNativeTarget;
			buildConfigurationList = 7D6A143E1B98C15700453DA1 /* Build configuration list for PBXNativeTarget "VideoMakerTests" */;
			buildPhases = (
				7D6A142D1B98C15700453DA1 /* Sources */,
				7D6A142E1B98C15700453DA1 /* Frameworks */,
				7D6A142F1B98C15700453DA1 /* Resources */,
			);
			buildRules = (
			);
			dependencies = (
				7D6A14331B98C15700453DA1 /* PBXTargetDependency */,
			);
			name = VideoMakerTests;
			productName = VideoMakerTests;
			productReference = 7D6A14311B98C15700453DA1 /* VideoMakerTests.xctest */;
			productType = "com.apple.product-type.bundle.unit-test";
		};
		EAC5D0E61BDA11A7008E80F3 /* NKRecorder */ = {
			isa = PBXNativeTarget;
			buildConfigurationList = EAC5D0FE1BDA11A7008E80F3 /* Build configuration list for PBXNativeTarget "NKRecorder" */;
			buildPhases = (
				05F14E8FF07270DCE634F17B /* Check Pods Manifest.lock */,
				EAC5D0E21BDA11A7008E80F3 /* Sources */,
				EAC5D0E31BDA11A7008E80F3 /* Frameworks */,
				EAC5D0E41BDA11A7008E80F3 /* Headers */,
				EAC5D0E51BDA11A7008E80F3 /* Resources */,
				B72AAF170C92DF4FC557335B /* Copy Pods Resources */,
			);
			buildRules = (
			);
			dependencies = (
			);
			name = NKRecorder;
			productName = NKRecorder;
			productReference = EAC5D0E71BDA11A7008E80F3 /* NKRecorder.framework */;
			productType = "com.apple.product-type.framework";
		};
		EAC5D0EF1BDA11A7008E80F3 /* NKRecorderTests */ = {
			isa = PBXNativeTarget;
			buildConfigurationList = EAC5D1021BDA11A7008E80F3 /* Build configuration list for PBXNativeTarget "NKRecorderTests" */;
			buildPhases = (
				EAC5D0EC1BDA11A7008E80F3 /* Sources */,
				EAC5D0ED1BDA11A7008E80F3 /* Frameworks */,
				EAC5D0EE1BDA11A7008E80F3 /* Resources */,
			);
			buildRules = (
			);
			dependencies = (
				EAC5D0F31BDA11A7008E80F3 /* PBXTargetDependency */,
				EAC5D0F51BDA11A7008E80F3 /* PBXTargetDependency */,
			);
			name = NKRecorderTests;
			productName = NKRecorderTests;
			productReference = EAC5D0F01BDA11A7008E80F3 /* NKRecorderTests.xctest */;
			productType = "com.apple.product-type.bundle.unit-test";
		};
/* End PBXNativeTarget section */

/* Begin PBXProject section */
		7D6A14141B98C15600453DA1 /* Project object */ = {
			isa = PBXProject;
			attributes = {
				LastSwiftUpdateCheck = 0700;
				LastUpgradeCheck = 0700;
				ORGANIZATIONNAME = Tom;
				TargetAttributes = {
					7D6A141B1B98C15600453DA1 = {
						CreatedOnToolsVersion = 6.4;
						DevelopmentTeam = 227D5X5CZY;
					};
					7D6A14301B98C15700453DA1 = {
						CreatedOnToolsVersion = 6.4;
						TestTargetID = 7D6A141B1B98C15600453DA1;
					};
					EAC5D0E61BDA11A7008E80F3 = {
						CreatedOnToolsVersion = 7.0.1;
						DevelopmentTeam = 227D5X5CZY;
					};
					EAC5D0EF1BDA11A7008E80F3 = {
						CreatedOnToolsVersion = 7.0.1;
						TestTargetID = 7D6A141B1B98C15600453DA1;
					};
				};
			};
			buildConfigurationList = 7D6A14171B98C15600453DA1 /* Build configuration list for PBXProject "VideoMaker" */;
			compatibilityVersion = "Xcode 3.2";
			developmentRegion = English;
			hasScannedForEncodings = 0;
			knownRegions = (
				en,
				Base,
			);
			mainGroup = 7D6A14131B98C15600453DA1;
			productRefGroup = 7D6A141D1B98C15600453DA1 /* Products */;
			projectDirPath = "";
			projectRoot = "";
			targets = (
				7D6A141B1B98C15600453DA1 /* VideoMaker */,
				7D6A14301B98C15700453DA1 /* VideoMakerTests */,
				EAC5D0E61BDA11A7008E80F3 /* NKRecorder */,
				EAC5D0EF1BDA11A7008E80F3 /* NKRecorderTests */,
			);
		};
/* End PBXProject section */

/* Begin PBXResourcesBuildPhase section */
		7D6A141A1B98C15600453DA1 /* Resources */ = {
			isa = PBXResourcesBuildPhase;
			buildActionMask = 2147483647;
			files = (
				7D6A142C1B98C15600453DA1 /* LaunchScreen.xib in Resources */,
			);
			runOnlyForDeploymentPostprocessing = 0;
		};
		7D6A142F1B98C15700453DA1 /* Resources */ = {
			isa = PBXResourcesBuildPhase;
			buildActionMask = 2147483647;
			files = (
			);
			runOnlyForDeploymentPostprocessing = 0;
		};
		EAC5D0E51BDA11A7008E80F3 /* Resources */ = {
			isa = PBXResourcesBuildPhase;
			buildActionMask = 2147483647;
			files = (
				7DECA1121BE1851C009B9136 /* Cabin-MediumItalic.ttf in Resources */,
				7DECA1131BE1851C009B9136 /* Cabin-Regular.ttf in Resources */,
				7D54217F1BE1803700F71937 /* Main.storyboard in Resources */,
				7DECA10F1BE1851C009B9136 /* Cabin-BoldItalic.ttf in Resources */,
				7DECA10E1BE1851C009B9136 /* Cabin-Bold.ttf in Resources */,
				7DECA1111BE1851C009B9136 /* Cabin-Medium.ttf in Resources */,
				7DBE65571BDC74680031CECA /* Images.xcassets in Resources */,
				7DECA1101BE1851C009B9136 /* Cabin-Italic.ttf in Resources */,
			);
			runOnlyForDeploymentPostprocessing = 0;
		};
		EAC5D0EE1BDA11A7008E80F3 /* Resources */ = {
			isa = PBXResourcesBuildPhase;
			buildActionMask = 2147483647;
			files = (
			);
			runOnlyForDeploymentPostprocessing = 0;
		};
/* End PBXResourcesBuildPhase section */

/* Begin PBXShellScriptBuildPhase section */
		05F14E8FF07270DCE634F17B /* Check Pods Manifest.lock */ = {
			isa = PBXShellScriptBuildPhase;
			buildActionMask = 2147483647;
			files = (
			);
			inputPaths = (
			);
			name = "Check Pods Manifest.lock";
			outputPaths = (
			);
			runOnlyForDeploymentPostprocessing = 0;
			shellPath = /bin/sh;
			shellScript = "diff \"${PODS_ROOT}/../Podfile.lock\" \"${PODS_ROOT}/Manifest.lock\" > /dev/null\nif [[ $? != 0 ]] ; then\n    cat << EOM\nerror: The sandbox is not in sync with the Podfile.lock. Run 'pod install' or update your CocoaPods installation.\nEOM\n    exit 1\nfi\n";
			showEnvVarsInLog = 0;
		};
		B72AAF170C92DF4FC557335B /* Copy Pods Resources */ = {
			isa = PBXShellScriptBuildPhase;
			buildActionMask = 2147483647;
			files = (
			);
			inputPaths = (
			);
			name = "Copy Pods Resources";
			outputPaths = (
			);
			runOnlyForDeploymentPostprocessing = 0;
			shellPath = /bin/sh;
			shellScript = "\"${SRCROOT}/Pods/Target Support Files/Pods-NKRecorder/Pods-NKRecorder-resources.sh\"\n";
			showEnvVarsInLog = 0;
		};
		BBAA3CF055F5F169CC72EA00 /* Check Pods Manifest.lock */ = {
			isa = PBXShellScriptBuildPhase;
			buildActionMask = 2147483647;
			files = (
			);
			inputPaths = (
			);
			name = "Check Pods Manifest.lock";
			outputPaths = (
			);
			runOnlyForDeploymentPostprocessing = 0;
			shellPath = /bin/sh;
			shellScript = "diff \"${PODS_ROOT}/../Podfile.lock\" \"${PODS_ROOT}/Manifest.lock\" > /dev/null\nif [[ $? != 0 ]] ; then\n    cat << EOM\nerror: The sandbox is not in sync with the Podfile.lock. Run 'pod install' or update your CocoaPods installation.\nEOM\n    exit 1\nfi\n";
			showEnvVarsInLog = 0;
		};
		BF7E4DF84E3898AC7ADBAC9D /* Embed Pods Frameworks */ = {
			isa = PBXShellScriptBuildPhase;
			buildActionMask = 2147483647;
			files = (
			);
			inputPaths = (
			);
			name = "Embed Pods Frameworks";
			outputPaths = (
			);
			runOnlyForDeploymentPostprocessing = 0;
			shellPath = /bin/sh;
			shellScript = "\"${SRCROOT}/Pods/Target Support Files/Pods-NKRecorder-VideoMaker/Pods-NKRecorder-VideoMaker-frameworks.sh\"\n";
			showEnvVarsInLog = 0;
		};
		DA5A055CF5CC6FBD2B51896A /* Copy Pods Resources */ = {
			isa = PBXShellScriptBuildPhase;
			buildActionMask = 2147483647;
			files = (
			);
			inputPaths = (
			);
			name = "Copy Pods Resources";
			outputPaths = (
			);
			runOnlyForDeploymentPostprocessing = 0;
			shellPath = /bin/sh;
			shellScript = "\"${SRCROOT}/Pods/Target Support Files/Pods-NKRecorder-VideoMaker/Pods-NKRecorder-VideoMaker-resources.sh\"\n";
			showEnvVarsInLog = 0;
		};
		F55C2C57EC3D059D42DEFD7C /* Build Resource-Index */ = {
			isa = PBXShellScriptBuildPhase;
			buildActionMask = 2147483647;
			files = (
			);
			inputPaths = (
			);
			name = "Build Resource-Index";
			outputPaths = (
			);
			runOnlyForDeploymentPostprocessing = 0;
			shellPath = /bin/sh;
			shellScript = "# /Users/Tony/.rvm/gems/ruby-2.1.2/bin/xcres --no-ansi build $PROJECT_FILE_PATH $SRCROOT/VideoMaker/Resources/R\n";
			showEnvVarsInLog = 0;
		};
/* End PBXShellScriptBuildPhase section */

/* Begin PBXSourcesBuildPhase section */
		7D6A14181B98C15600453DA1 /* Sources */ = {
			isa = PBXSourcesBuildPhase;
			buildActionMask = 2147483647;
			files = (
				7D6A14221B98C15600453DA1 /* AppDelegate.swift in Sources */,
				7DBD511D1BDC563300E49B56 /* VideoMakerViewController.swift in Sources */,
			);
			runOnlyForDeploymentPostprocessing = 0;
		};
		7D6A142D1B98C15700453DA1 /* Sources */ = {
			isa = PBXSourcesBuildPhase;
			buildActionMask = 2147483647;
			files = (
				7D6A14381B98C15700453DA1 /* VideoMakerTests.swift in Sources */,
			);
			runOnlyForDeploymentPostprocessing = 0;
		};
		EAC5D0E21BDA11A7008E80F3 /* Sources */ = {
			isa = PBXSourcesBuildPhase;
			buildActionMask = 2147483647;
			files = (
				7DDFB8381BDB1A090010B899 /* StyleKit.swift in Sources */,
				7DDFB8391BDB1A0D0010B899 /* AudioTypeButton.swift in Sources */,
				7DDFB83E1BDB1A0D0010B899 /* TimescaleSegmentedControl.swift in Sources */,
				7DDFB8511BDB1A440010B899 /* R.swift in Sources */,
				7DDFB8301BDB19EB0010B899 /* VideoPlaybackViewContoller.swift in Sources */,
				7DBD511B1BDC51E700E49B56 /* NKRecorderViewController.swift in Sources */,
				7DDFB8401BDB1A0D0010B899 /* UIElementsContainer.swift in Sources */,
				7DDFB83A1BDB1A0D0010B899 /* BaseViews.swift in Sources */,
				7DDFB8371BDB1A090010B899 /* FontKit.swift in Sources */,
				7DDFB82F1BDB19EB0010B899 /* SearchMusicTrackTableViewController.swift in Sources */,
				7DDFB83D1BDB1A0D0010B899 /* RecordButton.swift in Sources */,
				7DDFB8471BDB1A340010B899 /* LocalMusicManager.swift in Sources */,
				7DDFB84A1BDB1A340010B899 /* RecordButtonTouchGestureRecognizer.swift in Sources */,
				7DDFB8351BDB1A090010B899 /* AnimationKit.swift in Sources */,
				7DDFB8481BDB1A340010B899 /* MusicRetrievalAPI.swift in Sources */,
				7D54218E1BE183D500F71937 /* PushNoAnimationSegue.swift in Sources */,
				7DDFB82D1BDB19EB0010B899 /* ChoosePlaylistCollectionViewController.swift in Sources */,
				7DDFB82E1BDB19EB0010B899 /* RecordViewController.swift in Sources */,
				7DDFB8361BDB1A090010B899 /* AppearanceKit.swift in Sources */,
				7DDFB8321BDB19FC0010B899 /* GeometryExtensions.swift in Sources */,
				7DDFB8521BDB1A440010B899 /* SBConstants.swift in Sources */,
				7DDFB8411BDB1A110010B899 /* ResourceExtensions.swift in Sources */,
				7DDFB8491BDB1A340010B899 /* PlaylistAPI.swift in Sources */,
				7DDFB82B1BDB19EB0010B899 /* BaseViewController.swift in Sources */,
				7DDFB8341BDB1A060010B899 /* UIAppearance+Swift.m in Sources */,
				7DDFB83C1BDB1A0D0010B899 /* OverlayCaptionView.swift in Sources */,
				7DDFB83B1BDB1A0D0010B899 /* DraggableSlider.swift in Sources */,
				7DDFB8311BDB19EB0010B899 /* SongSearchController.swift in Sources */,
				7DDFB83F1BDB1A0D0010B899 /* TrackNameLabel.swift in Sources */,
				7DDFB82C1BDB19EB0010B899 /* ChooseMusicTrackTableViewController.swift in Sources */,
			);
			runOnlyForDeploymentPostprocessing = 0;
		};
		EAC5D0EC1BDA11A7008E80F3 /* Sources */ = {
			isa = PBXSourcesBuildPhase;
			buildActionMask = 2147483647;
			files = (
				EAC5D0F81BDA11A7008E80F3 /* NKRecorderTests.swift in Sources */,
			);
			runOnlyForDeploymentPostprocessing = 0;
		};
/* End PBXSourcesBuildPhase section */

/* Begin PBXTargetDependency section */
		7D6A14331B98C15700453DA1 /* PBXTargetDependency */ = {
			isa = PBXTargetDependency;
			target = 7D6A141B1B98C15600453DA1 /* VideoMaker */;
			targetProxy = 7D6A14321B98C15700453DA1 /* PBXContainerItemProxy */;
		};
		EAC5D0F31BDA11A7008E80F3 /* PBXTargetDependency */ = {
			isa = PBXTargetDependency;
			target = EAC5D0E61BDA11A7008E80F3 /* NKRecorder */;
			targetProxy = EAC5D0F21BDA11A7008E80F3 /* PBXContainerItemProxy */;
		};
		EAC5D0F51BDA11A7008E80F3 /* PBXTargetDependency */ = {
			isa = PBXTargetDependency;
			target = 7D6A141B1B98C15600453DA1 /* VideoMaker */;
			targetProxy = EAC5D0F41BDA11A7008E80F3 /* PBXContainerItemProxy */;
		};
/* End PBXTargetDependency section */

/* Begin PBXVariantGroup section */
		7D6A14251B98C15600453DA1 /* Main.storyboard */ = {
			isa = PBXVariantGroup;
			children = (
				7D6A14261B98C15600453DA1 /* Base */,
			);
			name = Main.storyboard;
			path = .;
			sourceTree = "<group>";
		};
		7D6A142A1B98C15600453DA1 /* LaunchScreen.xib */ = {
			isa = PBXVariantGroup;
			children = (
				7D6A142B1B98C15600453DA1 /* Base */,
			);
			name = LaunchScreen.xib;
			path = .;
			sourceTree = "<group>";
		};
/* End PBXVariantGroup section */

/* Begin XCBuildConfiguration section */
		7D6A14391B98C15700453DA1 /* Debug */ = {
			isa = XCBuildConfiguration;
			buildSettings = {
				ALWAYS_SEARCH_USER_PATHS = NO;
				CLANG_CXX_LANGUAGE_STANDARD = "gnu++0x";
				CLANG_CXX_LIBRARY = "libc++";
				CLANG_ENABLE_MODULES = YES;
				CLANG_ENABLE_OBJC_ARC = YES;
				CLANG_WARN_BOOL_CONVERSION = YES;
				CLANG_WARN_CONSTANT_CONVERSION = YES;
				CLANG_WARN_DIRECT_OBJC_ISA_USAGE = YES_ERROR;
				CLANG_WARN_EMPTY_BODY = YES;
				CLANG_WARN_ENUM_CONVERSION = YES;
				CLANG_WARN_INT_CONVERSION = YES;
				CLANG_WARN_OBJC_ROOT_CLASS = YES_ERROR;
				CLANG_WARN_UNREACHABLE_CODE = YES;
				CLANG_WARN__DUPLICATE_METHOD_MATCH = YES;
				"CODE_SIGN_IDENTITY[sdk=iphoneos*]" = "iPhone Developer";
				COPY_PHASE_STRIP = NO;
				DEBUG_INFORMATION_FORMAT = "dwarf-with-dsym";
				ENABLE_STRICT_OBJC_MSGSEND = YES;
				ENABLE_TESTABILITY = YES;
				GCC_C_LANGUAGE_STANDARD = gnu99;
				GCC_DYNAMIC_NO_PIC = NO;
				GCC_NO_COMMON_BLOCKS = YES;
				GCC_OPTIMIZATION_LEVEL = 0;
				GCC_PREPROCESSOR_DEFINITIONS = (
					"DEBUG=1",
					"$(inherited)",
				);
				GCC_SYMBOLS_PRIVATE_EXTERN = NO;
				GCC_WARN_64_TO_32_BIT_CONVERSION = YES;
				GCC_WARN_ABOUT_RETURN_TYPE = YES_ERROR;
				GCC_WARN_UNDECLARED_SELECTOR = YES;
				GCC_WARN_UNINITIALIZED_AUTOS = YES_AGGRESSIVE;
				GCC_WARN_UNUSED_FUNCTION = YES;
				GCC_WARN_UNUSED_VARIABLE = YES;
				IPHONEOS_DEPLOYMENT_TARGET = 8.0;
				MTL_ENABLE_DEBUG_INFO = YES;
				ONLY_ACTIVE_ARCH = YES;
				SDKROOT = iphoneos;
				SWIFT_OPTIMIZATION_LEVEL = "-Onone";
			};
			name = Debug;
		};
		7D6A143A1B98C15700453DA1 /* Release */ = {
			isa = XCBuildConfiguration;
			buildSettings = {
				ALWAYS_SEARCH_USER_PATHS = NO;
				CLANG_CXX_LANGUAGE_STANDARD = "gnu++0x";
				CLANG_CXX_LIBRARY = "libc++";
				CLANG_ENABLE_MODULES = YES;
				CLANG_ENABLE_OBJC_ARC = YES;
				CLANG_WARN_BOOL_CONVERSION = YES;
				CLANG_WARN_CONSTANT_CONVERSION = YES;
				CLANG_WARN_DIRECT_OBJC_ISA_USAGE = YES_ERROR;
				CLANG_WARN_EMPTY_BODY = YES;
				CLANG_WARN_ENUM_CONVERSION = YES;
				CLANG_WARN_INT_CONVERSION = YES;
				CLANG_WARN_OBJC_ROOT_CLASS = YES_ERROR;
				CLANG_WARN_UNREACHABLE_CODE = YES;
				CLANG_WARN__DUPLICATE_METHOD_MATCH = YES;
				"CODE_SIGN_IDENTITY[sdk=iphoneos*]" = "iPhone Developer";
				COPY_PHASE_STRIP = NO;
				DEBUG_INFORMATION_FORMAT = "dwarf-with-dsym";
				ENABLE_NS_ASSERTIONS = NO;
				ENABLE_STRICT_OBJC_MSGSEND = YES;
				GCC_C_LANGUAGE_STANDARD = gnu99;
				GCC_NO_COMMON_BLOCKS = YES;
				GCC_WARN_64_TO_32_BIT_CONVERSION = YES;
				GCC_WARN_ABOUT_RETURN_TYPE = YES_ERROR;
				GCC_WARN_UNDECLARED_SELECTOR = YES;
				GCC_WARN_UNINITIALIZED_AUTOS = YES_AGGRESSIVE;
				GCC_WARN_UNUSED_FUNCTION = YES;
				GCC_WARN_UNUSED_VARIABLE = YES;
				IPHONEOS_DEPLOYMENT_TARGET = 8.0;
				MTL_ENABLE_DEBUG_INFO = NO;
				SDKROOT = iphoneos;
				VALIDATE_PRODUCT = YES;
			};
			name = Release;
		};
		7D6A143C1B98C15700453DA1 /* Debug */ = {
			isa = XCBuildConfiguration;
			baseConfigurationReference = EAC5D1091BDA1395008E80F3 /* Pods-NKRecorder-VideoMaker.debug.xcconfig */;
			buildSettings = {
				ASSETCATALOG_COMPILER_APPICON_NAME = AppIcon;
				CODE_SIGN_IDENTITY = "iPhone Developer";
				INFOPLIST_FILE = VideoMaker/Info.plist;
				IPHONEOS_DEPLOYMENT_TARGET = 8.0;
				LD_RUNPATH_SEARCH_PATHS = "$(inherited) @executable_path/Frameworks";
				PRODUCT_BUNDLE_IDENTIFIER = "Tom.$(PRODUCT_NAME:rfc1034identifier)";
				PRODUCT_NAME = "$(TARGET_NAME)";
				SWIFT_OBJC_BRIDGING_HEADER = "";
				USER_HEADER_SEARCH_PATHS = "";
			};
			name = Debug;
		};
		7D6A143D1B98C15700453DA1 /* Release */ = {
			isa = XCBuildConfiguration;
			baseConfigurationReference = EAC5D10A1BDA1395008E80F3 /* Pods-NKRecorder-VideoMaker.release.xcconfig */;
			buildSettings = {
				ASSETCATALOG_COMPILER_APPICON_NAME = AppIcon;
				CODE_SIGN_IDENTITY = "iPhone Developer";
				INFOPLIST_FILE = VideoMaker/Info.plist;
				IPHONEOS_DEPLOYMENT_TARGET = 8.0;
				LD_RUNPATH_SEARCH_PATHS = "$(inherited) @executable_path/Frameworks";
				PRODUCT_BUNDLE_IDENTIFIER = "Tom.$(PRODUCT_NAME:rfc1034identifier)";
				PRODUCT_NAME = "$(TARGET_NAME)";
				SWIFT_OBJC_BRIDGING_HEADER = "";
				USER_HEADER_SEARCH_PATHS = "";
			};
			name = Release;
		};
		7D6A143F1B98C15700453DA1 /* Debug */ = {
			isa = XCBuildConfiguration;
			buildSettings = {
				BUNDLE_LOADER = "$(TEST_HOST)";
				FRAMEWORK_SEARCH_PATHS = (
					"$(SDKROOT)/Developer/Library/Frameworks",
					"$(inherited)",
				);
				GCC_PREPROCESSOR_DEFINITIONS = (
					"DEBUG=1",
					"$(inherited)",
				);
				INFOPLIST_FILE = "VideoMakerTests/Supporting Files/Info.plist";
				LD_RUNPATH_SEARCH_PATHS = "$(inherited) @executable_path/Frameworks @loader_path/Frameworks";
				PRODUCT_BUNDLE_IDENTIFIER = "Tom.$(PRODUCT_NAME:rfc1034identifier)";
				PRODUCT_NAME = "$(TARGET_NAME)";
				TEST_HOST = "$(BUILT_PRODUCTS_DIR)/VideoMaker.app/VideoMaker";
			};
			name = Debug;
		};
		7D6A14401B98C15700453DA1 /* Release */ = {
			isa = XCBuildConfiguration;
			buildSettings = {
				BUNDLE_LOADER = "$(TEST_HOST)";
				FRAMEWORK_SEARCH_PATHS = (
					"$(SDKROOT)/Developer/Library/Frameworks",
					"$(inherited)",
				);
				INFOPLIST_FILE = "VideoMakerTests/Supporting Files/Info.plist";
				LD_RUNPATH_SEARCH_PATHS = "$(inherited) @executable_path/Frameworks @loader_path/Frameworks";
				PRODUCT_BUNDLE_IDENTIFIER = "Tom.$(PRODUCT_NAME:rfc1034identifier)";
				PRODUCT_NAME = "$(TARGET_NAME)";
				TEST_HOST = "$(BUILT_PRODUCTS_DIR)/VideoMaker.app/VideoMaker";
			};
			name = Release;
		};
		EAC5D0FF1BDA11A7008E80F3 /* Debug */ = {
			isa = XCBuildConfiguration;
			baseConfigurationReference = D3485EC66FA0DD62CA546B6B /* Pods-NKRecorder.debug.xcconfig */;
			buildSettings = {
				CLANG_ENABLE_MODULES = YES;
				CODE_SIGN_IDENTITY = "iPhone Developer";
				CURRENT_PROJECT_VERSION = 1;
				DEBUG_INFORMATION_FORMAT = dwarf;
				DEFINES_MODULE = YES;
				DYLIB_COMPATIBILITY_VERSION = 1;
				DYLIB_CURRENT_VERSION = 1;
				DYLIB_INSTALL_NAME_BASE = "@rpath";
				INFOPLIST_FILE = "NKRecorder/Supporting Files/Info.plist";
				INSTALL_PATH = "$(LOCAL_LIBRARY_DIR)/Frameworks";
				IPHONEOS_DEPLOYMENT_TARGET = 8.0;
				LD_RUNPATH_SEARCH_PATHS = "$(inherited) @executable_path/Frameworks @loader_path/Frameworks";
				PRODUCT_BUNDLE_IDENTIFIER = me.tom.NKRecorder;
				PRODUCT_NAME = "$(TARGET_NAME)";
				SKIP_INSTALL = YES;
				SWIFT_INCLUDE_PATHS = "$(SRCROOT)/NKRecorder";
				SWIFT_OBJC_INTERFACE_HEADER_NAME = "";
				SWIFT_OPTIMIZATION_LEVEL = "-Onone";
				TARGETED_DEVICE_FAMILY = "1,2";
				VERSIONING_SYSTEM = "apple-generic";
				VERSION_INFO_PREFIX = "";
			};
			name = Debug;
		};
		EAC5D1001BDA11A7008E80F3 /* Release */ = {
			isa = XCBuildConfiguration;
			baseConfigurationReference = 52CA73037B12828F23027A5C /* Pods-NKRecorder.release.xcconfig */;
			buildSettings = {
				CLANG_ENABLE_MODULES = YES;
				CODE_SIGN_IDENTITY = "iPhone Developer";
				CURRENT_PROJECT_VERSION = 1;
				DEFINES_MODULE = YES;
				DYLIB_COMPATIBILITY_VERSION = 1;
				DYLIB_CURRENT_VERSION = 1;
				DYLIB_INSTALL_NAME_BASE = "@rpath";
				INFOPLIST_FILE = "NKRecorder/Supporting Files/Info.plist";
				INSTALL_PATH = "$(LOCAL_LIBRARY_DIR)/Frameworks";
				IPHONEOS_DEPLOYMENT_TARGET = 8.0;
				LD_RUNPATH_SEARCH_PATHS = "$(inherited) @executable_path/Frameworks @loader_path/Frameworks";
				PRODUCT_BUNDLE_IDENTIFIER = me.tom.NKRecorder;
				PRODUCT_NAME = "$(TARGET_NAME)";
				SKIP_INSTALL = YES;
				SWIFT_INCLUDE_PATHS = "$(SRCROOT)/NKRecorder";
				SWIFT_OBJC_INTERFACE_HEADER_NAME = "";
				TARGETED_DEVICE_FAMILY = "1,2";
				VERSIONING_SYSTEM = "apple-generic";
				VERSION_INFO_PREFIX = "";
			};
			name = Release;
		};
		EAC5D1031BDA11A7008E80F3 /* Debug */ = {
			isa = XCBuildConfiguration;
			buildSettings = {
				DEBUG_INFORMATION_FORMAT = dwarf;
				INFOPLIST_FILE = NKRecorderTests/Info.plist;
				IPHONEOS_DEPLOYMENT_TARGET = 9.0;
				LD_RUNPATH_SEARCH_PATHS = "$(inherited) @executable_path/Frameworks @loader_path/Frameworks";
				PRODUCT_BUNDLE_IDENTIFIER = me.tom.NKRecorderTests;
				PRODUCT_NAME = "$(TARGET_NAME)";
				TEST_HOST = "$(BUILT_PRODUCTS_DIR)/VideoMaker.app/VideoMaker";
			};
			name = Debug;
		};
		EAC5D1041BDA11A7008E80F3 /* Release */ = {
			isa = XCBuildConfiguration;
			buildSettings = {
				INFOPLIST_FILE = NKRecorderTests/Info.plist;
				IPHONEOS_DEPLOYMENT_TARGET = 9.0;
				LD_RUNPATH_SEARCH_PATHS = "$(inherited) @executable_path/Frameworks @loader_path/Frameworks";
				PRODUCT_BUNDLE_IDENTIFIER = me.tom.NKRecorderTests;
				PRODUCT_NAME = "$(TARGET_NAME)";
				TEST_HOST = "$(BUILT_PRODUCTS_DIR)/VideoMaker.app/VideoMaker";
			};
			name = Release;
		};
/* End XCBuildConfiguration section */

/* Begin XCConfigurationList section */
		7D6A14171B98C15600453DA1 /* Build configuration list for PBXProject "VideoMaker" */ = {
			isa = XCConfigurationList;
			buildConfigurations = (
				7D6A14391B98C15700453DA1 /* Debug */,
				7D6A143A1B98C15700453DA1 /* Release */,
			);
			defaultConfigurationIsVisible = 0;
			defaultConfigurationName = Release;
		};
		7D6A143B1B98C15700453DA1 /* Build configuration list for PBXNativeTarget "VideoMaker" */ = {
			isa = XCConfigurationList;
			buildConfigurations = (
				7D6A143C1B98C15700453DA1 /* Debug */,
				7D6A143D1B98C15700453DA1 /* Release */,
			);
			defaultConfigurationIsVisible = 0;
			defaultConfigurationName = Release;
		};
		7D6A143E1B98C15700453DA1 /* Build configuration list for PBXNativeTarget "VideoMakerTests" */ = {
			isa = XCConfigurationList;
			buildConfigurations = (
				7D6A143F1B98C15700453DA1 /* Debug */,
				7D6A14401B98C15700453DA1 /* Release */,
			);
			defaultConfigurationIsVisible = 0;
			defaultConfigurationName = Release;
		};
		EAC5D0FE1BDA11A7008E80F3 /* Build configuration list for PBXNativeTarget "NKRecorder" */ = {
			isa = XCConfigurationList;
			buildConfigurations = (
				EAC5D0FF1BDA11A7008E80F3 /* Debug */,
				EAC5D1001BDA11A7008E80F3 /* Release */,
			);
			defaultConfigurationIsVisible = 0;
			defaultConfigurationName = Release;
		};
		EAC5D1021BDA11A7008E80F3 /* Build configuration list for PBXNativeTarget "NKRecorderTests" */ = {
			isa = XCConfigurationList;
			buildConfigurations = (
				EAC5D1031BDA11A7008E80F3 /* Debug */,
				EAC5D1041BDA11A7008E80F3 /* Release */,
			);
			defaultConfigurationIsVisible = 0;
			defaultConfigurationName = Release;
		};
/* End XCConfigurationList section */
	};
	rootObject = 7D6A14141B98C15600453DA1 /* Project object */;
}
